hash: d8a50650955d725655b812e709c203e9c18aab2355129b03f8e8304e88c4aa21
updated: 2017-01-28T19:46:13.304019897+01:00
imports:
- name: github.com/boltdb/bolt
  version: a705895fdad108f053eae7ee011ed94a0541ee13
- name: github.com/restic/chunker
  version: 15748add008169ebbec6800155db55c8568700f6
testImports: []
