hash: 03c7b2f3697f17c551a8a89af0c946e2a0c7a2ba2eef0a16e379ec31993e6386
updated: 2017-01-21T14:54:43.930207731+01:00
imports:
- name: github.com/boltdb/bolt
  version: a705895fdad108f053eae7ee011ed94a0541ee13
- name: github.com/keybase/go-codec
  version: cc2681ec6f901149e58af9d40a90da1aa370aadb
- name: github.com/keybase/go-merkle-tree
  version: a2a53a828cf58801efa8285c651b0941b5abae8c
testImports: []
